// !$*UTF8*$!
{
	archiveVersion = 1;
	classes = {
	};
	objectVersion = 50;
	objects = {

/* Begin PBXBuildFile section */
		0BDDA63B23FE0D8F00AF6EE8 /* AppDelegate.swift in Sources */ = {isa = PBXBuildFile; fileRef = 0BDDA63A23FE0D8F00AF6EE8 /* AppDelegate.swift */; };
		0BDDA63D23FE0D8F00AF6EE8 /* SceneDelegate.swift in Sources */ = {isa = PBXBuildFile; fileRef = 0BDDA63C23FE0D8F00AF6EE8 /* SceneDelegate.swift */; };
		0BDDA63F23FE0D8F00AF6EE8 /* ViewController.swift in Sources */ = {isa = PBXBuildFile; fileRef = 0BDDA63E23FE0D8F00AF6EE8 /* ViewController.swift */; };
		0BDDA64223FE0D8F00AF6EE8 /* Main.storyboard in Resources */ = {isa = PBXBuildFile; fileRef = 0BDDA64023FE0D8F00AF6EE8 /* Main.storyboard */; };
		0BDDA64423FE0D9500AF6EE8 /* Assets.xcassets in Resources */ = {isa = PBXBuildFile; fileRef = 0BDDA64323FE0D9500AF6EE8 /* Assets.xcassets */; };
		0BDDA64723FE0D9500AF6EE8 /* LaunchScreen.storyboard in Resources */ = {isa = PBXBuildFile; fileRef = 0BDDA64523FE0D9500AF6EE8 /* LaunchScreen.storyboard */; };
		0BDDA65223FE0D9500AF6EE8 /* animationslabtwoTests.swift in Sources */ = {isa = PBXBuildFile; fileRef = 0BDDA65123FE0D9500AF6EE8 /* animationslabtwoTests.swift */; };
/* End PBXBuildFile section */

/* Begin PBXContainerItemProxy section */
		0BDDA64E23FE0D9500AF6EE8 /* PBXContainerItemProxy */ = {
			isa = PBXContainerItemProxy;
			containerPortal = 0BDDA62F23FE0D8E00AF6EE8 /* Project object */;
			proxyType = 1;
			remoteGlobalIDString = 0BDDA63623FE0D8F00AF6EE8;
			remoteInfo = animationslabtwo;
		};
/* End PBXContainerItemProxy section */

/* Begin PBXFileReference section */
		0BDDA63723FE0D8F00AF6EE8 /* animationslabtwo.app */ = {isa = PBXFileReference; explicitFileType = wrapper.application; includeInIndex = 0; path = animationslabtwo.app; sourceTree = BUILT_PRODUCTS_DIR; };
		0BDDA63A23FE0D8F00AF6EE8 /* AppDelegate.swift */ = {isa = PBXFileReference; lastKnownFileType = sourcecode.swift; path = AppDelegate.swift; sourceTree = "<group>"; };
		0BDDA63C23FE0D8F00AF6EE8 /* SceneDelegate.swift */ = {isa = PBXFileReference; lastKnownFileType = sourcecode.swift; path = SceneDelegate.swift; sourceTree = "<group>"; };
		0BDDA63E23FE0D8F00AF6EE8 /* ViewController.swift */ = {isa = PBXFileReference; lastKnownFileType = sourcecode.swift; path = ViewController.swift; sourceTree = "<group>"; };
		0BDDA64123FE0D8F00AF6EE8 /* Base */ = {isa = PBXFileReference; lastKnownFileType = file.storyboard; name = Base; path = Base.lproj/Main.storyboard; sourceTree = "<group>"; };
		0BDDA64323FE0D9500AF6EE8 /* Assets.xcassets */ = {isa = PBXFileReference; lastKnownFileType = folder.assetcatalog; path = Assets.xcassets; sourceTree = "<group>"; };
		0BDDA64623FE0D9500AF6EE8 /* Base */ = {isa = PBXFileReference; lastKnownFileType = file.storyboard; name = Base; path = Base.lproj/LaunchScreen.storyboard; sourceTree = "<group>"; };
		0BDDA64823FE0D9500AF6EE8 /* Info.plist */ = {isa = PBXFileReference; lastKnownFileType = text.plist.xml; path = Info.plist; sourceTree = "<group>"; };
		0BDDA64D23FE0D9500AF6EE8 /* animationslabtwoTests.xctest */ = {isa = PBXFileReference; explicitFileType = wrapper.cfbundle; includeInIndex = 0; path = animationslabtwoTests.xctest; sourceTree = BUILT_PRODUCTS_DIR; };
		0BDDA65123FE0D9500AF6EE8 /* animationslabtwoTests.swift */ = {isa = PBXFileReference; lastKnownFileType = sourcecode.swift; path = animationslabtwoTests.swift; sourceTree = "<group>"; };
		0BDDA65323FE0D9500AF6EE8 /* Info.plist */ = {isa = PBXFileReference; lastKnownFileType = text.plist.xml; path = Info.plist; sourceTree = "<group>"; };
/* End PBXFileReference section */

/* Begin PBXFrameworksBuildPhase section */
		0BDDA63423FE0D8F00AF6EE8 /* Frameworks */ = {
			isa = PBXFrameworksBuildPhase;
			buildActionMask = 2147483647;
			files = (
			);
			runOnlyForDeploymentPostprocessing = 0;
		};
		0BDDA64A23FE0D9500AF6EE8 /* Frameworks */ = {
			isa = PBXFrameworksBuildPhase;
			buildActionMask = 2147483647;
			files = (
			);
			runOnlyForDeploymentPostprocessing = 0;
		};
/* End PBXFrameworksBuildPhase section */

/* Begin PBXGroup section */
		0BDDA62E23FE0D8E00AF6EE8 = {
			isa = PBXGroup;
			children = (
				0BDDA63923FE0D8F00AF6EE8 /* animationslabtwo */,
				0BDDA65023FE0D9500AF6EE8 /* animationslabtwoTests */,
				0BDDA63823FE0D8F00AF6EE8 /* Products */,
			);
			sourceTree = "<group>";
		};
		0BDDA63823FE0D8F00AF6EE8 /* Products */ = {
			isa = PBXGroup;
			children = (
				0BDDA63723FE0D8F00AF6EE8 /* animationslabtwo.app */,
				0BDDA64D23FE0D9500AF6EE8 /* animationslabtwoTests.xctest */,
			);
			name = Products;
			sourceTree = "<group>";
		};
		0BDDA63923FE0D8F00AF6EE8 /* animationslabtwo */ = {
			isa = PBXGroup;
			children = (
				0BDDA63A23FE0D8F00AF6EE8 /* AppDelegate.swift */,
				0BDDA63C23FE0D8F00AF6EE8 /* SceneDelegate.swift */,
				0BDDA63E23FE0D8F00AF6EE8 /* ViewController.swift */,
				0BDDA64023FE0D8F00AF6EE8 /* Main.storyboard */,
				0BDDA64323FE0D9500AF6EE8 /* Assets.xcassets */,
				0BDDA64523FE0D9500AF6EE8 /* LaunchScreen.storyboard */,
				0BDDA64823FE0D9500AF6EE8 /* Info.plist */,
			);
			path = animationslabtwo;
			sourceTree = "<group>";
		};
		0BDDA65023FE0D9500AF6EE8 /* animationslabtwoTests */ = {
			isa = PBXGroup;
			children = (
				0BDDA65123FE0D9500AF6EE8 /* animationslabtwoTests.swift */,
				0BDDA65323FE0D9500AF6EE8 /* Info.plist */,
			);
			path = animationslabtwoTests;
			sourceTree = "<group>";
		};
/* End PBXGroup section */

/* Begin PBXNativeTarget section */
		0BDDA63623FE0D8F00AF6EE8 /* animationslabtwo */ = {
			isa = PBXNativeTarget;
			buildConfigurationList = 0BDDA65623FE0D9500AF6EE8 /* Build configuration list for PBXNativeTarget "animationslabtwo" */;
			buildPhases = (
				0BDDA63323FE0D8F00AF6EE8 /* Sources */,
				0BDDA63423FE0D8F00AF6EE8 /* Frameworks */,
				0BDDA63523FE0D8F00AF6EE8 /* Resources */,
			);
			buildRules = (
			);
			dependencies = (
			);
			name = animationslabtwo;
			productName = animationslabtwo;
			productReference = 0BDDA63723FE0D8F00AF6EE8 /* animationslabtwo.app */;
			productType = "com.apple.product-type.application";
		};
		0BDDA64C23FE0D9500AF6EE8 /* animationslabtwoTests */ = {
			isa = PBXNativeTarget;
			buildConfigurationList = 0BDDA65923FE0D9500AF6EE8 /* Build configuration list for PBXNativeTarget "animationslabtwoTests" */;
			buildPhases = (
				0BDDA64923FE0D9500AF6EE8 /* Sources */,
				0BDDA64A23FE0D9500AF6EE8 /* Frameworks */,
				0BDDA64B23FE0D9500AF6EE8 /* Resources */,
			);
			buildRules = (
			);
			dependencies = (
				0BDDA64F23FE0D9500AF6EE8 /* PBXTargetDependency */,
			);
			name = animationslabtwoTests;
			productName = animationslabtwoTests;
			productReference = 0BDDA64D23FE0D9500AF6EE8 /* animationslabtwoTests.xctest */;
			productType = "com.apple.product-type.bundle.unit-test";
		};
/* End PBXNativeTarget section */

/* Begin PBXProject section */
		0BDDA62F23FE0D8E00AF6EE8 /* Project object */ = {
			isa = PBXProject;
			attributes = {
				LastSwiftUpdateCheck = 1130;
				LastUpgradeCheck = 1130;
				ORGANIZATIONNAME = "Ahad Islam";
				TargetAttributes = {
					0BDDA63623FE0D8F00AF6EE8 = {
						CreatedOnToolsVersion = 11.3.1;
					};
					0BDDA64C23FE0D9500AF6EE8 = {
						CreatedOnToolsVersion = 11.3.1;
						TestTargetID = 0BDDA63623FE0D8F00AF6EE8;
					};
				};
			};
			buildConfigurationList = 0BDDA63223FE0D8E00AF6EE8 /* Build configuration list for PBXProject "animationslabtwo" */;
			compatibilityVersion = "Xcode 9.3";
			developmentRegion = en;
			hasScannedForEncodings = 0;
			knownRegions = (
				en,
				Base,
			);
			mainGroup = 0BDDA62E23FE0D8E00AF6EE8;
			productRefGroup = 0BDDA63823FE0D8F00AF6EE8 /* Products */;
			projectDirPath = "";
			projectRoot = "";
			targets = (
				0BDDA63623FE0D8F00AF6EE8 /* animationslabtwo */,
				0BDDA64C23FE0D9500AF6EE8 /* animationslabtwoTests */,
			);
		};
/* End PBXProject section */

/* Begin PBXResourcesBuildPhase section */
		0BDDA63523FE0D8F00AF6EE8 /* Resources */ = {
			isa = PBXResourcesBuildPhase;
			buildActionMask = 2147483647;
			files = (
				0BDDA64723FE0D9500AF6EE8 /* LaunchScreen.storyboard in Resources */,
				0BDDA64423FE0D9500AF6EE8 /* Assets.xcassets in Resources */,
				0BDDA64223FE0D8F00AF6EE8 /* Main.storyboard in Resources */,
			);
			runOnlyForDeploymentPostprocessing = 0;
		};
		0BDDA64B23FE0D9500AF6EE8 /* Resources */ = {
			isa = PBXResourcesBuildPhase;
			buildActionMask = 2147483647;
			files = (
			);
			runOnlyForDeploymentPostprocessing = 0;
		};
/* End PBXResourcesBuildPhase section */

/* Begin PBXSourcesBuildPhase section */
		0BDDA63323FE0D8F00AF6EE8 /* Sources */ = {
			isa = PBXSourcesBuildPhase;
			buildActionMask = 2147483647;
			files = (
				0BDDA63F23FE0D8F00AF6EE8 /* ViewController.swift in Sources */,
				0BDDA63B23FE0D8F00AF6EE8 /* AppDelegate.swift in Sources */,
				0BDDA63D23FE0D8F00AF6EE8 /* SceneDelegate.swift in Sources */,
			);
			runOnlyForDeploymentPostprocessing = 0;
		};
		0BDDA64923FE0D9500AF6EE8 /* Sources */ = {
			isa = PBXSourcesBuildPhase;
			buildActionMask = 2147483647;
			files = (
				0BDDA65223FE0D9500AF6EE8 /* animationslabtwoTests.swift in Sources */,
			);
			runOnlyForDeploymentPostprocessing = 0;
		};
/* End PBXSourcesBuildPhase section */

/* Begin PBXTargetDependency section */
		0BDDA64F23FE0D9500AF6EE8 /* PBXTargetDependency */ = {
			isa = PBXTargetDependency;
			target = 0BDDA63623FE0D8F00AF6EE8 /* animationslabtwo */;
			targetProxy = 0BDDA64E23FE0D9500AF6EE8 /* PBXContainerItemProxy */;
		};
/* End PBXTargetDependency section */

/* Begin PBXVariantGroup section */
		0BDDA64023FE0D8F00AF6EE8 /* Main.storyboard */ = {
			isa = PBXVariantGroup;
			children = (
				0BDDA64123FE0D8F00AF6EE8 /* Base */,
			);
			name = Main.storyboard;
			sourceTree = "<group>";
		};
		0BDDA64523FE0D9500AF6EE8 /* LaunchScreen.storyboard */ = {
			isa = PBXVariantGroup;
			children = (
				0BDDA64623FE0D9500AF6EE8 /* Base */,
			);
			name = LaunchScreen.storyboard;
			sourceTree = "<group>";
		};
/* End PBXVariantGroup section */

/* Begin XCBuildConfiguration section */
		0BDDA65423FE0D9500AF6EE8 /* Debug */ = {
			isa = XCBuildConfiguration;
			buildSettings = {
				ALWAYS_SEARCH_USER_PATHS = NO;
				CLANG_ANALYZER_NONNULL = YES;
				CLANG_ANALYZER_NUMBER_OBJECT_CONVERSION = YES_AGGRESSIVE;
				CLANG_CXX_LANGUAGE_STANDARD = "gnu++14";
				CLANG_CXX_LIBRARY = "libc++";
				CLANG_ENABLE_MODULES = YES;
				CLANG_ENABLE_OBJC_ARC = YES;
				CLANG_ENABLE_OBJC_WEAK = YES;
				CLANG_WARN_BLOCK_CAPTURE_AUTORELEASING = YES;
				CLANG_WARN_BOOL_CONVERSION = YES;
				CLANG_WARN_COMMA = YES;
				CLANG_WARN_CONSTANT_CONVERSION = YES;
				CLANG_WARN_DEPRECATED_OBJC_IMPLEMENTATIONS = YES;
				CLANG_WARN_DIRECT_OBJC_ISA_USAGE = YES_ERROR;
				CLANG_WARN_DOCUMENTATION_COMMENTS = YES;
				CLANG_WARN_EMPTY_BODY = YES;
				CLANG_WARN_ENUM_CONVERSION = YES;
				CLANG_WARN_INFINITE_RECURSION = YES;
				CLANG_WARN_INT_CONVERSION = YES;
				CLANG_WARN_NON_LITERAL_NULL_CONVERSION = YES;
				CLANG_WARN_OBJC_IMPLICIT_RETAIN_SELF = YES;
				CLANG_WARN_OBJC_LITERAL_CONVERSION = YES;
				CLANG_WARN_OBJC_ROOT_CLASS = YES_ERROR;
				CLANG_WARN_RANGE_LOOP_ANALYSIS = YES;
				CLANG_WARN_STRICT_PROTOTYPES = YES;
				CLANG_WARN_SUSPICIOUS_MOVE = YES;
				CLANG_WARN_UNGUARDED_AVAILABILITY = YES_AGGRESSIVE;
				CLANG_WARN_UNREACHABLE_CODE = YES;
				CLANG_WARN__DUPLICATE_METHOD_MATCH = YES;
				COPY_PHASE_STRIP = NO;
				DEBUG_INFORMATION_FORMAT = dwarf;
				ENABLE_STRICT_OBJC_MSGSEND = YES;
				ENABLE_TESTABILITY = YES;
				GCC_C_LANGUAGE_STANDARD = gnu11;
				GCC_DYNAMIC_NO_PIC = NO;
				GCC_NO_COMMON_BLOCKS = YES;
				GCC_OPTIMIZATION_LEVEL = 0;
				GCC_PREPROCESSOR_DEFINITIONS = (
					"DEBUG=1",
					"$(inherited)",
				);
				GCC_WARN_64_TO_32_BIT_CONVERSION = YES;
				GCC_WARN_ABOUT_RETURN_TYPE = YES_ERROR;
				GCC_WARN_UNDECLARED_SELECTOR = YES;
				GCC_WARN_UNINITIALIZED_AUTOS = YES_AGGRESSIVE;
				GCC_WARN_UNUSED_FUNCTION = YES;
				GCC_WARN_UNUSED_VARIABLE = YES;
				IPHONEOS_DEPLOYMENT_TARGET = 13.2;
				MTL_ENABLE_DEBUG_INFO = INCLUDE_SOURCE;
				MTL_FAST_MATH = YES;
				ONLY_ACTIVE_ARCH = YES;
				SDKROOT = iphoneos;
				SWIFT_ACTIVE_COMPILATION_CONDITIONS = DEBUG;
				SWIFT_OPTIMIZATION_LEVEL = "-Onone";
			};
			name = Debug;
		};
		0BDDA65523FE0D9500AF6EE8 /* Release */ = {
			isa = XCBuildConfiguration;
			buildSettings = {
				ALWAYS_SEARCH_USER_PATHS = NO;
				CLANG_ANALYZER_NONNULL = YES;
				CLANG_ANALYZER_NUMBER_OBJECT_CONVERSION = YES_AGGRESSIVE;
				CLANG_CXX_LANGUAGE_STANDARD = "gnu++14";
				CLANG_CXX_LIBRARY = "libc++";
				CLANG_ENABLE_MODULES = YES;
				CLANG_ENABLE_OBJC_ARC = YES;
				CLANG_ENABLE_OBJC_WEAK = YES;
				CLANG_WARN_BLOCK_CAPTURE_AUTORELEASING = YES;
				CLANG_WARN_BOOL_CONVERSION = YES;
				CLANG_WARN_COMMA = YES;
				CLANG_WARN_CONSTANT_CONVERSION = YES;
				CLANG_WARN_DEPRECATED_OBJC_IMPLEMENTATIONS = YES;
				CLANG_WARN_DIRECT_OBJC_ISA_USAGE = YES_ERROR;
				CLANG_WARN_DOCUMENTATION_COMMENTS = YES;
				CLANG_WARN_EMPTY_BODY = YES;
				CLANG_WARN_ENUM_CONVERSION = YES;
				CLANG_WARN_INFINITE_RECURSION = YES;
				CLANG_WARN_INT_CONVERSION = YES;
				CLANG_WARN_NON_LITERAL_NULL_CONVERSION = YES;
				CLANG_WARN_OBJC_IMPLICIT_RETAIN_SELF = YES;
				CLANG_WARN_OBJC_LITERAL_CONVERSION = YES;
				CLANG_WARN_OBJC_ROOT_CLASS = YES_ERROR;
				CLANG_WARN_RANGE_LOOP_ANALYSIS = YES;
				CLANG_WARN_STRICT_PROTOTYPES = YES;
				CLANG_WARN_SUSPICIOUS_MOVE = YES;
				CLANG_WARN_UNGUARDED_AVAILABILITY = YES_AGGRESSIVE;
				CLANG_WARN_UNREACHABLE_CODE = YES;
				CLANG_WARN__DUPLICATE_METHOD_MATCH = YES;
				COPY_PHASE_STRIP = NO;
				DEBUG_INFORMATION_FORMAT = "dwarf-with-dsym";
				ENABLE_NS_ASSERTIONS = NO;
				ENABLE_STRICT_OBJC_MSGSEND = YES;
				GCC_C_LANGUAGE_STANDARD = gnu11;
				GCC_NO_COMMON_BLOCKS = YES;
				GCC_WARN_64_TO_32_BIT_CONVERSION = YES;
				GCC_WARN_ABOUT_RETURN_TYPE = YES_ERROR;
				GCC_WARN_UNDECLARED_SELECTOR = YES;
				GCC_WARN_UNINITIALIZED_AUTOS = YES_AGGRESSIVE;
				GCC_WARN_UNUSED_FUNCTION = YES;
				GCC_WARN_UNUSED_VARIABLE = YES;
				IPHONEOS_DEPLOYMENT_TARGET = 13.2;
				MTL_ENABLE_DEBUG_INFO = NO;
				MTL_FAST_MATH = YES;
				SDKROOT = iphoneos;
				SWIFT_COMPILATION_MODE = wholemodule;
				SWIFT_OPTIMIZATION_LEVEL = "-O";
				VALIDATE_PRODUCT = YES;
			};
			name = Release;
		};
		0BDDA65723FE0D9500AF6EE8 /* Debug */ = {
			isa = XCBuildConfiguration;
			buildSettings = {
				ASSETCATALOG_COMPILER_APPICON_NAME = AppIcon;
				CODE_SIGN_STYLE = Automatic;
				DEVELOPMENT_TEAM = 4MS4J77WTY;
				INFOPLIST_FILE = animationslabtwo/Info.plist;
				LD_RUNPATH_SEARCH_PATHS = (
					"$(inherited)",
					"@executable_path/Frameworks",
				);
				PRODUCT_BUNDLE_IDENTIFIER = com.ahadislam.animationslabtwo;
				PRODUCT_NAME = "$(TARGET_NAME)";
				SWIFT_VERSION = 5.0;
				TARGETED_DEVICE_FAMILY = "1,2";
			};
			name = Debug;
		};
		0BDDA65823FE0D9500AF6EE8 /* Release */ = {
			isa = XCBuildConfiguration;
			buildSettings = {
				ASSETCATALOG_COMPILER_APPICON_NAME = AppIcon;
				CODE_SIGN_STYLE = Automatic;
				DEVELOPMENT_TEAM = 4MS4J77WTY;
				INFOPLIST_FILE = animationslabtwo/Info.plist;
				LD_RUNPATH_SEARCH_PATHS = (
					"$(inherited)",
					"@executable_path/Frameworks",
				);
				PRODUCT_BUNDLE_IDENTIFIER = com.ahadislam.animationslabtwo;
				PRODUCT_NAME = "$(TARGET_NAME)";
				SWIFT_VERSION = 5.0;
				TARGETED_DEVICE_FAMILY = "1,2";
			};
			name = Release;
		};
		0BDDA65A23FE0D9500AF6EE8 /* Debug */ = {
			isa = XCBuildConfiguration;
			buildSettings = {
				ALWAYS_EMBED_SWIFT_STANDARD_LIBRARIES = YES;
				BUNDLE_LOADER = "$(TEST_HOST)";
				CODE_SIGN_STYLE = Automatic;
				DEVELOPMENT_TEAM = 4MS4J77WTY;
				INFOPLIST_FILE = animationslabtwoTests/Info.plist;
				IPHONEOS_DEPLOYMENT_TARGET = 13.2;
				LD_RUNPATH_SEARCH_PATHS = (
					"$(inherited)",
					"@executable_path/Frameworks",
					"@loader_path/Frameworks",
				);
				PRODUCT_BUNDLE_IDENTIFIER = com.ahadislam.animationslabtwoTests;
				PRODUCT_NAME = "$(TARGET_NAME)";
				SWIFT_VERSION = 5.0;
				TARGETED_DEVICE_FAMILY = "1,2";
				TEST_HOST = "$(BUILT_PRODUCTS_DIR)/animationslabtwo.app/animationslabtwo";
			};
			name = Debug;
		};
		0BDDA65B23FE0D9500AF6EE8 /* Release */ = {
			isa = XCBuildConfiguration;
			buildSettings = {
				ALWAYS_EMBED_SWIFT_STANDARD_LIBRARIES = YES;
				BUNDLE_LOADER = "$(TEST_HOST)";
				CODE_SIGN_STYLE = Automatic;
				DEVELOPMENT_TEAM = 4MS4J77WTY;
				INFOPLIST_FILE = animationslabtwoTests/Info.plist;
				IPHONEOS_DEPLOYMENT_TARGET = 13.2;
				LD_RUNPATH_SEARCH_PATHS = (
					"$(inherited)",
					"@executable_path/Frameworks",
					"@loader_path/Frameworks",
				);
				PRODUCT_BUNDLE_IDENTIFIER = com.ahadislam.animationslabtwoTests;
				PRODUCT_NAME = "$(TARGET_NAME)";
				SWIFT_VERSION = 5.0;
				TARGETED_DEVICE_FAMILY = "1,2";
				TEST_HOST = "$(BUILT_PRODUCTS_DIR)/animationslabtwo.app/animationslabtwo";
			};
			name = Release;
		};
/* End XCBuildConfiguration section */

/* Begin XCConfigurationList section */
		0BDDA63223FE0D8E00AF6EE8 /* Build configuration list for PBXProject "animationslabtwo" */ = {
			isa = XCConfigurationList;
			buildConfigurations = (
				0BDDA65423FE0D9500AF6EE8 /* Debug */,
				0BDDA65523FE0D9500AF6EE8 /* Release */,
			);
			defaultConfigurationIsVisible = 0;
			defaultConfigurationName = Release;
		};
		0BDDA65623FE0D9500AF6EE8 /* Build configuration list for PBXNativeTarget "animationslabtwo" */ = {
			isa = XCConfigurationList;
			buildConfigurations = (
				0BDDA65723FE0D9500AF6EE8 /* Debug */,
				0BDDA65823FE0D9500AF6EE8 /* Release */,
			);
			defaultConfigurationIsVisible = 0;
			defaultConfigurationName = Release;
		};
		0BDDA65923FE0D9500AF6EE8 /* Build configuration list for PBXNativeTarget "animationslabtwoTests" */ = {
			isa = XCConfigurationList;
			buildConfigurations = (
				0BDDA65A23FE0D9500AF6EE8 /* Debug */,
				0BDDA65B23FE0D9500AF6EE8 /* Release */,
			);
			defaultConfigurationIsVisible = 0;
			defaultConfigurationName = Release;
		};
/* End XCConfigurationList section */
	};
	rootObject = 0BDDA62F23FE0D8E00AF6EE8 /* Project object */;
}
